
Microsoft Visual Studio Solution File, Format Version 12.00
# Visual Studio Version 16
VisualStudioVersion = 16.0.29411.108
MinimumVisualStudioVersion = 10.0.40219.1
Project("{9A19103F-16F7-4668-BE54-9A1E7A4F7556}") = "DBApi", "src\DBApi\DBApi.csproj", "{9E18269B-5517-4AB9-832F-52074CFBA518}"
EndProject
Project("{2150E333-8FDC-42A3-9474-1A3956D46DE8}") = "Solution Items", "Solution Items", "{3543D02B-A0FD-483A-8534-C9D8E872CC3C}"
	ProjectSection(SolutionItems) = preProject
		.travis.yml = .travis.yml
		README.md = README.md
	EndProjectSection
EndProject
Global
	GlobalSection(SolutionConfigurationPlatforms) = preSolution
		Debug|Any CPU = Debug|Any CPU
		Release|Any CPU = Release|Any CPU
	EndGlobalSection
	GlobalSection(ProjectConfigurationPlatforms) = postSolution
		{9E18269B-5517-4AB9-832F-52074CFBA518}.Debug|Any CPU.ActiveCfg = Debug|Any CPU
		{9E18269B-5517-4AB9-832F-52074CFBA518}.Debug|Any CPU.Build.0 = Debug|Any CPU
		{9E18269B-5517-4AB9-832F-52074CFBA518}.Release|Any CPU.ActiveCfg = Release|Any CPU
		{9E18269B-5517-4AB9-832F-52074CFBA518}.Release|Any CPU.Build.0 = Release|Any CPU
	EndGlobalSection
	GlobalSection(SolutionProperties) = preSolution
		HideSolutionNode = FALSE
	EndGlobalSection
	GlobalSection(ExtensibilityGlobals) = postSolution
		SolutionGuid = {E812BE2C-8E49-4FD7-8C8E-F3BA1385F583}
	EndGlobalSection
EndGlobal
